PODS:
  - audio_session (0.0.1):
    - FlutterMacOS
  - connectivity_plus (0.0.1):
    - FlutterMacOS
    - ReachabilitySwift
  - device_info_plus (0.0.1):
    - FlutterMacOS
  - dynamic_color (0.0.2):
    - FlutterMacOS
  - flutter_local_notifications (0.0.1):
    - FlutterMacOS
  - flutter_native_timezone (0.0.1):
    - FlutterMacOS
  - flutter_secure_storage_macos (6.1.1):
    - FlutterMacOS
  - FlutterMacOS (1.0.0)
  - FMDB (2.7.5):
    - FMDB/standard (= 2.7.5)
  - FMDB/standard (2.7.5)
  - HotKey (0.1.2)
  - hotkey_manager (0.0.1):
    - FlutterMacOS
    - HotKey
  - just_audio (0.0.1):
    - FlutterMacOS
  - location (0.0.1):
    - FlutterMacOS
  - macos_ui (0.1.0):
    - FlutterMacOS
  - package_info_plus (0.0.1):
    - FlutterMacOS
  - pasteboard (0.0.1):
    - FlutterMacOS
  - path_provider_macos (0.0.1):
    - FlutterMacOS
  - photo_manager (2.0.0):
    - Flutter
    - FlutterMacOS
  - ReachabilitySwift (5.0.0)
  - record_macos (0.2.0):
    - FlutterMacOS
  - screen_retriever (0.0.1):
    - FlutterMacOS
  - share_plus_macos (0.0.1):
    - FlutterMacOS
  - shared_preferences_foundation (0.0.1):
    - Flutter
    - FlutterMacOS
  - sqflite (0.0.2):
    - FlutterMacOS
    - FMDB (>= 2.7.5)
  - sqlite3 (3.40.0):
    - sqlite3/common (= 3.40.0)
  - sqlite3/common (3.40.0)
  - sqlite3/fts5 (3.40.0):
    - sqlite3/common
  - sqlite3/perf-threadsafe (3.40.0):
    - sqlite3/common
  - sqlite3/rtree (3.40.0):
    - sqlite3/common
  - sqlite3_flutter_libs (0.0.1):
    - FlutterMacOS
    - sqlite3 (~> 3.40.0)
    - sqlite3/fts5
    - sqlite3/perf-threadsafe
    - sqlite3/rtree
  - url_launcher_macos (0.0.1):
    - FlutterMacOS
  - window_manager (0.2.0):
    - FlutterMacOS

DEPENDENCIES:
  - audio_session (from `Flutter/ephemeral/.symlinks/plugins/audio_session/macos`)
  - connectivity_plus (from `Flutter/ephemeral/.symlinks/plugins/connectivity_plus/macos`)
  - device_info_plus (from `Flutter/ephemeral/.symlinks/plugins/device_info_plus/macos`)
  - dynamic_color (from `Flutter/ephemeral/.symlinks/plugins/dynamic_color/macos`)
  - flutter_local_notifications (from `Flutter/ephemeral/.symlinks/plugins/flutter_local_notifications/macos`)
  - flutter_native_timezone (from `Flutter/ephemeral/.symlinks/plugins/flutter_native_timezone/macos`)
  - flutter_secure_storage_macos (from `Flutter/ephemeral/.symlinks/plugins/flutter_secure_storage_macos/macos`)
  - FlutterMacOS (from `Flutter/ephemeral`)
  - hotkey_manager (from `Flutter/ephemeral/.symlinks/plugins/hotkey_manager/macos`)
  - just_audio (from `Flutter/ephemeral/.symlinks/plugins/just_audio/macos`)
  - location (from `Flutter/ephemeral/.symlinks/plugins/location/macos`)
  - macos_ui (from `Flutter/ephemeral/.symlinks/plugins/macos_ui/macos`)
  - package_info_plus (from `Flutter/ephemeral/.symlinks/plugins/package_info_plus/macos`)
  - pasteboard (from `Flutter/ephemeral/.symlinks/plugins/pasteboard/macos`)
  - path_provider_macos (from `Flutter/ephemeral/.symlinks/plugins/path_provider_macos/macos`)
  - photo_manager (from `Flutter/ephemeral/.symlinks/plugins/photo_manager/macos`)
  - record_macos (from `Flutter/ephemeral/.symlinks/plugins/record_macos/macos`)
  - screen_retriever (from `Flutter/ephemeral/.symlinks/plugins/screen_retriever/macos`)
  - share_plus_macos (from `Flutter/ephemeral/.symlinks/plugins/share_plus_macos/macos`)
  - shared_preferences_foundation (from `Flutter/ephemeral/.symlinks/plugins/shared_preferences_foundation/macos`)
  - sqflite (from `Flutter/ephemeral/.symlinks/plugins/sqflite/macos`)
  - sqlite3_flutter_libs (from `Flutter/ephemeral/.symlinks/plugins/sqlite3_flutter_libs/macos`)
  - url_launcher_macos (from `Flutter/ephemeral/.symlinks/plugins/url_launcher_macos/macos`)
  - window_manager (from `Flutter/ephemeral/.symlinks/plugins/window_manager/macos`)

SPEC REPOS:
  trunk:
    - FMDB
    - HotKey
    - ReachabilitySwift
    - sqlite3

EXTERNAL SOURCES:
  audio_session:
    :path: Flutter/ephemeral/.symlinks/plugins/audio_session/macos
  connectivity_plus:
    :path: Flutter/ephemeral/.symlinks/plugins/connectivity_plus/macos
  device_info_plus:
    :path: Flutter/ephemeral/.symlinks/plugins/device_info_plus/macos
  dynamic_color:
    :path: Flutter/ephemeral/.symlinks/plugins/dynamic_color/macos
  flutter_local_notifications:
    :path: Flutter/ephemeral/.symlinks/plugins/flutter_local_notifications/macos
  flutter_native_timezone:
    :path: Flutter/ephemeral/.symlinks/plugins/flutter_native_timezone/macos
  flutter_secure_storage_macos:
    :path: Flutter/ephemeral/.symlinks/plugins/flutter_secure_storage_macos/macos
  FlutterMacOS:
    :path: Flutter/ephemeral
  hotkey_manager:
    :path: Flutter/ephemeral/.symlinks/plugins/hotkey_manager/macos
  just_audio:
    :path: Flutter/ephemeral/.symlinks/plugins/just_audio/macos
  location:
    :path: Flutter/ephemeral/.symlinks/plugins/location/macos
  macos_ui:
    :path: Flutter/ephemeral/.symlinks/plugins/macos_ui/macos
  package_info_plus:
    :path: Flutter/ephemeral/.symlinks/plugins/package_info_plus/macos
  pasteboard:
    :path: Flutter/ephemeral/.symlinks/plugins/pasteboard/macos
  path_provider_macos:
    :path: Flutter/ephemeral/.symlinks/plugins/path_provider_macos/macos
  photo_manager:
    :path: Flutter/ephemeral/.symlinks/plugins/photo_manager/macos
  record_macos:
    :path: Flutter/ephemeral/.symlinks/plugins/record_macos/macos
  screen_retriever:
    :path: Flutter/ephemeral/.symlinks/plugins/screen_retriever/macos
  share_plus_macos:
    :path: Flutter/ephemeral/.symlinks/plugins/share_plus_macos/macos
  shared_preferences_foundation:
    :path: Flutter/ephemeral/.symlinks/plugins/shared_preferences_foundation/macos
  sqflite:
    :path: Flutter/ephemeral/.symlinks/plugins/sqflite/macos
  sqlite3_flutter_libs:
    :path: Flutter/ephemeral/.symlinks/plugins/sqlite3_flutter_libs/macos
  url_launcher_macos:
    :path: Flutter/ephemeral/.symlinks/plugins/url_launcher_macos/macos
  window_manager:
    :path: Flutter/ephemeral/.symlinks/plugins/window_manager/macos

SPEC CHECKSUMS:
  audio_session: dea1f41890dbf1718f04a56f1d6150fd50039b72
  connectivity_plus: 18d3c32514c886e046de60e9c13895109866c747
  device_info_plus: 5401765fde0b8d062a2f8eb65510fb17e77cf07f
  dynamic_color: 2eaa27267de1ca20d879fbd6e01259773fb1670f
  flutter_local_notifications: 3805ca215b2fb7f397d78b66db91f6a747af52e4
  flutter_native_timezone: 3a4724189c47dea215bb3e168e555e18308d312c
  flutter_secure_storage_macos: 75c8cadfdba05ca007c0fa4ea0c16e5cf85e521b
  FlutterMacOS: 8f6f14fa908a6fb3fba0cd85dbd81ec4b251fb24
  FMDB: 2ce00b547f966261cd18927a3ddb07cb6f3db82a
  HotKey: ad59450195936c10992438c4210f673de5aee43e
  hotkey_manager: ad673457691f4d39e481be04a61da2ae07d81c62
  just_audio: 9b67ca7b97c61cfc9784ea23cd8cc55eb226d489
  location: 7cdb0665bd6577d382b0a343acdadbcb7f964775
  macos_ui: 125c911559d646194386d84c017ad6819122e2db
  package_info_plus: 02d7a575e80f194102bef286361c6c326e4c29ce
  pasteboard: 9b69dba6fedbb04866be632205d532fe2f6b1d99
  path_provider_macos: 05fb0ef0cedf3e5bd179b9e41a638682b37133ea
  photo_manager: 4f6810b7dfc4feb03b461ac1a70dacf91fba7604
  ReachabilitySwift: 985039c6f7b23a1da463388634119492ff86c825
  record_macos: 937889e0f2a7a12b6fc14e97a3678e5a18943de6
  screen_retriever: 59634572a57080243dd1bf715e55b6c54f241a38
  share_plus_macos: 853ee48e7dce06b633998ca0735d482dd671ade4
  shared_preferences_foundation: 297b3ebca31b34ec92be11acd7fb0ba932c822ca
  sqflite: a5789cceda41d54d23f31d6de539d65bb14100ea
  sqlite3: 88dd99ef4ac3945f5a15facdd752933c52fd93bf
  sqlite3_flutter_libs: 7523e007b12584944a26feaa9975ea741eab136f
  url_launcher_macos: c04e4fa86382d4f94f6b38f14625708be3ae52e2
  window_manager: 3a1844359a6295ab1e47659b1a777e36773cd6e8

PODFILE CHECKSUM: 0d3963a09fc94f580682bd88480486da345dc3f0

COCOAPODS: 1.11.3
