// !$*UTF8*$!
{
	archiveVersion = 1;
	classes = {
	};
	objectVersion = 46;
	objects = {

/* Begin PBXBuildFile section */
		0737D936E3D74595ADC4B6A1 /* Montserrat-Regular.ttf in Resources */ = {isa = PBXBuildFile; fileRef = 5D20F8B5C98844CA8FDEE8C9 /* Montserrat-Regular.ttf */; };
		13B07FBC1A68108700A75B9A /* AppDelegate.m in Sources */ = {isa = PBXBuildFile; fileRef = 13B07FB01A68108700A75B9A /* AppDelegate.m */; };
		13B07FBD1A68108700A75B9A /* LaunchScreen.xib in Resources */ = {isa = PBXBuildFile; fileRef = 13B07FB11A68108700A75B9A /* LaunchScreen.xib */; };
		13B07FBF1A68108700A75B9A /* Images.xcassets in Resources */ = {isa = PBXBuildFile; fileRef = 13B07FB51A68108700A75B9A /* Images.xcassets */; };
		13B07FC11A68108700A75B9A /* main.m in Sources */ = {isa = PBXBuildFile; fileRef = 13B07FB71A68108700A75B9A /* main.m */; };
		2529C83973BB1276BBDE86D8 /* libPods-meins.a in Frameworks */ = {isa = PBXBuildFile; fileRef = D76C83EDA12503206F62E3C1 /* libPods-meins.a */; };
		4C0B5FC7958946B1AB0CE717 /* libRealmReact.a in Frameworks */ = {isa = PBXBuildFile; fileRef = A19503B19096498B94E081E8 /* libRealmReact.a */; };
		5E9303DF98654384967FD081 /* Montserrat-SemiBold.ttf in Resources */ = {isa = PBXBuildFile; fileRef = 48AE0CA838C74A0F9AC833DA /* Montserrat-SemiBold.ttf */; };
		9888785D4D53DE01E78716A6 /* libPods-meinsNightly.a in Frameworks */ = {isa = PBXBuildFile; fileRef = F901BE0C49ACBFA7839BCE0C /* libPods-meinsNightly.a */; };
		AD67467E22D910B9002B1FB7 /* libMailCore-ios.a in Frameworks */ = {isa = PBXBuildFile; fileRef = AD67465422D910B9002B1FB7 /* libMailCore-ios.a */; };
		AD6746E522DC895D002B1FB7 /* main.jsbundle in Resources */ = {isa = PBXBuildFile; fileRef = 008F07F21AC5B25A0029DE68 /* main.jsbundle */; };
		AD6746E822DC8D2E002B1FB7 /* HealthKit.framework in Frameworks */ = {isa = PBXBuildFile; fileRef = AD6746E722DC8D2E002B1FB7 /* HealthKit.framework */; };
		AD6AA066233F6CDF0092174A /* libRCTAppleHealthKit.a in Frameworks */ = {isa = PBXBuildFile; fileRef = AD6AA043233F65AA0092174A /* libRCTAppleHealthKit.a */; };
		AD6AA07F233F7BB40092174A /* libRNMailCore.a in Frameworks */ = {isa = PBXBuildFile; fileRef = AD6AA07E233F79F50092174A /* libRNMailCore.a */; };
		AD8BDC4923DDB4670091D0ED /* libc++.tbd in Frameworks */ = {isa = PBXBuildFile; fileRef = D6E136EC6B5F480C9329FF74 /* libc++.tbd */; };
		ADDDCEE42359139C00C5EFE0 /* AppDelegate.m in Sources */ = {isa = PBXBuildFile; fileRef = 13B07FB01A68108700A75B9A /* AppDelegate.m */; };
		ADDDCEE52359139C00C5EFE0 /* main.m in Sources */ = {isa = PBXBuildFile; fileRef = 13B07FB71A68108700A75B9A /* main.m */; };
		ADDDCEE72359139C00C5EFE0 /* libRNMailCore.a in Frameworks */ = {isa = PBXBuildFile; fileRef = AD6AA07E233F79F50092174A /* libRNMailCore.a */; };
		ADDDCEE82359139C00C5EFE0 /* libRCTAppleHealthKit.a in Frameworks */ = {isa = PBXBuildFile; fileRef = AD6AA043233F65AA0092174A /* libRCTAppleHealthKit.a */; };
		ADDDCEE92359139C00C5EFE0 /* libMailCore-ios.a in Frameworks */ = {isa = PBXBuildFile; fileRef = AD67465422D910B9002B1FB7 /* libMailCore-ios.a */; };
		ADDDCEEA2359139C00C5EFE0 /* JavaScriptCore.framework in Frameworks */ = {isa = PBXBuildFile; fileRef = ED297162215061F000B7C4FE /* JavaScriptCore.framework */; };
		ADDDCEEB2359139C00C5EFE0 /* libRealmReact.a in Frameworks */ = {isa = PBXBuildFile; fileRef = A19503B19096498B94E081E8 /* libRealmReact.a */; };
		ADDDCEEC2359139C00C5EFE0 /* HealthKit.framework in Frameworks */ = {isa = PBXBuildFile; fileRef = AD6746E722DC8D2E002B1FB7 /* HealthKit.framework */; };
		ADDDCEEE2359139C00C5EFE0 /* libz.tbd in Frameworks */ = {isa = PBXBuildFile; fileRef = 65BCA4EE270E457584AA1A37 /* libz.tbd */; };
		ADDDCEF12359139C00C5EFE0 /* main.jsbundle in Resources */ = {isa = PBXBuildFile; fileRef = 008F07F21AC5B25A0029DE68 /* main.jsbundle */; };
		ADDDCEF22359139C00C5EFE0 /* Images.xcassets in Resources */ = {isa = PBXBuildFile; fileRef = 13B07FB51A68108700A75B9A /* Images.xcassets */; };
		ADDDCEF32359139C00C5EFE0 /* LaunchScreen.xib in Resources */ = {isa = PBXBuildFile; fileRef = 13B07FB11A68108700A75B9A /* LaunchScreen.xib */; };
		ADDDCEF42359139C00C5EFE0 /* Montserrat-Medium.ttf in Resources */ = {isa = PBXBuildFile; fileRef = 3206D8AAF46B4454A2F0A26C /* Montserrat-Medium.ttf */; };
		ADDDCEF52359139C00C5EFE0 /* Montserrat-Regular.ttf in Resources */ = {isa = PBXBuildFile; fileRef = 5D20F8B5C98844CA8FDEE8C9 /* Montserrat-Regular.ttf */; };
		ADDDCEF62359139C00C5EFE0 /* Montserrat-SemiBold.ttf in Resources */ = {isa = PBXBuildFile; fileRef = 48AE0CA838C74A0F9AC833DA /* Montserrat-SemiBold.ttf */; };
		E1307DD10C72450EA941AC97 /* libz.tbd in Frameworks */ = {isa = PBXBuildFile; fileRef = 65BCA4EE270E457584AA1A37 /* libz.tbd */; };
		EC54267ABE1C473CA035B27F /* Montserrat-Medium.ttf in Resources */ = {isa = PBXBuildFile; fileRef = 3206D8AAF46B4454A2F0A26C /* Montserrat-Medium.ttf */; };
		ED297163215061F000B7C4FE /* JavaScriptCore.framework in Frameworks */ = {isa = PBXBuildFile; fileRef = ED297162215061F000B7C4FE /* JavaScriptCore.framework */; };
		FA4C049D32F2465B9D215E9C /* libc++.tbd in Frameworks */ = {isa = PBXBuildFile; fileRef = D6E136EC6B5F480C9329FF74 /* libc++.tbd */; };
/* End PBXBuildFile section */

/* Begin PBXBuildRule section */
		AD990A05235966A600390386 /* PBXBuildRule */ = {
			isa = PBXBuildRule;
			compilerSpec = com.apple.compilers.proxy.script;
			fileType = sourcecode.rez;
			inputFiles = (
			);
			isEditable = 1;
			outputFiles = (
			);
			script = "$(DEVELOPER_BIN_DIR)/Rez\n";
		};
/* End PBXBuildRule section */

/* Begin PBXContainerItemProxy section */
		AD6746A322D91365002B1FB7 /* PBXContainerItemProxy */ = {
			isa = PBXContainerItemProxy;
			containerPortal = AD67469822D91365002B1FB7 /* mailcore2.xcodeproj */;
			proxyType = 2;
			remoteGlobalIDString = C64EA537169E772200778456;
			remoteInfo = "static mailcore2 osx";
		};
		AD6746A522D91365002B1FB7 /* PBXContainerItemProxy */ = {
			isa = PBXContainerItemProxy;
			containerPortal = AD67469822D91365002B1FB7 /* mailcore2.xcodeproj */;
			proxyType = 2;
			remoteGlobalIDString = C6BA2C191705F4E6003F0E9E;
			remoteInfo = "static mailcore2 ios";
		};
		AD6746A722D91365002B1FB7 /* PBXContainerItemProxy */ = {
			isa = PBXContainerItemProxy;
			containerPortal = AD67469822D91365002B1FB7 /* mailcore2.xcodeproj */;
			proxyType = 2;
			remoteGlobalIDString = C64EA78C169F259200778456;
			remoteInfo = tests;
		};
		AD6746A922D91365002B1FB7 /* PBXContainerItemProxy */ = {
			isa = PBXContainerItemProxy;
			containerPortal = AD67469822D91365002B1FB7 /* mailcore2.xcodeproj */;
			proxyType = 2;
			remoteGlobalIDString = C6A81B911706840C00882C15;
			remoteInfo = "test-ios";
		};
		AD6746AB22D91365002B1FB7 /* PBXContainerItemProxy */ = {
			isa = PBXContainerItemProxy;
			containerPortal = AD67469822D91365002B1FB7 /* mailcore2.xcodeproj */;
			proxyType = 2;
			remoteGlobalIDString = C6BD288D170BD71100A91AC1;
			remoteInfo = "mailcore osx";
		};
		AD6746AD22D91365002B1FB7 /* PBXContainerItemProxy */ = {
			isa = PBXContainerItemProxy;
			containerPortal = AD67469822D91365002B1FB7 /* mailcore2.xcodeproj */;
			proxyType = 2;
			remoteGlobalIDString = 27780C3A19CF9CD100C77E44;
			remoteInfo = "mailcore ios";
		};
		AD6746AF22D91365002B1FB7 /* PBXContainerItemProxy */ = {
			isa = PBXContainerItemProxy;
			containerPortal = AD67469822D91365002B1FB7 /* mailcore2.xcodeproj */;
			proxyType = 2;
			remoteGlobalIDString = C6B5AE0219F630B3001352A6;
			remoteInfo = unittest;
		};
		AD6746B122D91365002B1FB7 /* PBXContainerItemProxy */ = {
			isa = PBXContainerItemProxy;
			containerPortal = AD67469822D91365002B1FB7 /* mailcore2.xcodeproj */;
			proxyType = 2;
			remoteGlobalIDString = C600B6141A242C3F000728F1;
			remoteInfo = unittestcpp;
		};
		AD6AA042233F65AA0092174A /* PBXContainerItemProxy */ = {
			isa = PBXContainerItemProxy;
			containerPortal = AD6AA037233F65AA0092174A /* RCTAppleHealthKit.xcodeproj */;
			proxyType = 2;
			remoteGlobalIDString = 3774C88D1D2092F20000B3F3;
			remoteInfo = RCTAppleHealthKit;
		};
		AD6AA07D233F79F50092174A /* PBXContainerItemProxy */ = {
			isa = PBXContainerItemProxy;
			containerPortal = AD6AA06F233F79F50092174A /* RNMailCore.xcodeproj */;
			proxyType = 2;
			remoteGlobalIDString = 134814201AA4EA6300B7C361;
			remoteInfo = RNMailCore;
		};
		AD7A61D722D908F200056A04 /* PBXContainerItemProxy */ = {
			isa = PBXContainerItemProxy;
			containerPortal = 5583DDA1751840A2BFE9BB95 /* RealmReact.xcodeproj */;
			proxyType = 2;
			remoteGlobalIDString = F60690131CA2766F0003FB26;
			remoteInfo = RealmReact;
		};
/* End PBXContainerItemProxy section */

/* Begin PBXFileReference section */
		008F07F21AC5B25A0029DE68 /* main.jsbundle */ = {isa = PBXFileReference; fileEncoding = 4; lastKnownFileType = text; path = main.jsbundle; sourceTree = "<group>"; };
		13B07F961A680F5B00A75B9A /* meins.app */ = {isa = PBXFileReference; explicitFileType = wrapper.application; includeInIndex = 0; path = meins.app; sourceTree = BUILT_PRODUCTS_DIR; };
		13B07FAF1A68108700A75B9A /* AppDelegate.h */ = {isa = PBXFileReference; fileEncoding = 4; lastKnownFileType = sourcecode.c.h; name = AppDelegate.h; path = meins/AppDelegate.h; sourceTree = "<group>"; };
		13B07FB01A68108700A75B9A /* AppDelegate.m */ = {isa = PBXFileReference; fileEncoding = 4; lastKnownFileType = sourcecode.c.objc; name = AppDelegate.m; path = meins/AppDelegate.m; sourceTree = "<group>"; };
		13B07FB21A68108700A75B9A /* Base */ = {isa = PBXFileReference; lastKnownFileType = file.xib; name = Base; path = Base.lproj/LaunchScreen.xib; sourceTree = "<group>"; };
		13B07FB51A68108700A75B9A /* Images.xcassets */ = {isa = PBXFileReference; lastKnownFileType = folder.assetcatalog; name = Images.xcassets; path = meins/Images.xcassets; sourceTree = "<group>"; };
		13B07FB61A68108700A75B9A /* Info.plist */ = {isa = PBXFileReference; fileEncoding = 4; lastKnownFileType = text.plist.xml; name = Info.plist; path = meins/Info.plist; sourceTree = "<group>"; };
		13B07FB71A68108700A75B9A /* main.m */ = {isa = PBXFileReference; fileEncoding = 4; lastKnownFileType = sourcecode.c.objc; name = main.m; path = meins/main.m; sourceTree = "<group>"; };
		19958F53C016481F9109B97D /* libRCTAppleHealthKit.a */ = {isa = PBXFileReference; explicitFileType = undefined; fileEncoding = 9; includeInIndex = 0; lastKnownFileType = archive.ar; path = libRCTAppleHealthKit.a; sourceTree = "<group>"; };
		262FB1565EBC482CB902D864 /* SimpleLineIcons.ttf */ = {isa = PBXFileReference; explicitFileType = undefined; fileEncoding = 9; includeInIndex = 0; lastKnownFileType = unknown; name = SimpleLineIcons.ttf; path = "../node_modules/react-native-vector-icons/Fonts/SimpleLineIcons.ttf"; sourceTree = "<group>"; };
		2D16E6891FA4F8E400B85C8A /* libReact.a */ = {isa = PBXFileReference; explicitFileType = archive.ar; path = libReact.a; sourceTree = BUILT_PRODUCTS_DIR; };
		3206D8AAF46B4454A2F0A26C /* Montserrat-Medium.ttf */ = {isa = PBXFileReference; explicitFileType = undefined; fileEncoding = 9; includeInIndex = 0; lastKnownFileType = unknown; name = "Montserrat-Medium.ttf"; path = "../assets/fonts/Montserrat-Medium.ttf"; sourceTree = "<group>"; };
		3B62FFCA1B054193A3E48A4A /* Entypo.ttf */ = {isa = PBXFileReference; explicitFileType = undefined; fileEncoding = 9; includeInIndex = 0; lastKnownFileType = unknown; name = Entypo.ttf; path = "../node_modules/react-native-vector-icons/Fonts/Entypo.ttf"; sourceTree = "<group>"; };
		3C56FD2ACA9F4A3E8A964BEA /* EvilIcons.ttf */ = {isa = PBXFileReference; explicitFileType = undefined; fileEncoding = 9; includeInIndex = 0; lastKnownFileType = unknown; name = EvilIcons.ttf; path = "../node_modules/react-native-vector-icons/Fonts/EvilIcons.ttf"; sourceTree = "<group>"; };
		489A5AB8792A4026B3783347 /* Ionicons.ttf */ = {isa = PBXFileReference; explicitFileType = undefined; fileEncoding = 9; includeInIndex = 0; lastKnownFileType = unknown; name = Ionicons.ttf; path = "../node_modules/react-native-vector-icons/Fonts/Ionicons.ttf"; sourceTree = "<group>"; };
		48AE0CA838C74A0F9AC833DA /* Montserrat-SemiBold.ttf */ = {isa = PBXFileReference; explicitFileType = undefined; fileEncoding = 9; includeInIndex = 0; lastKnownFileType = unknown; name = "Montserrat-SemiBold.ttf"; path = "../assets/fonts/Montserrat-SemiBold.ttf"; sourceTree = "<group>"; };
		5583DDA1751840A2BFE9BB95 /* RealmReact.xcodeproj */ = {isa = PBXFileReference; explicitFileType = undefined; fileEncoding = 9; includeInIndex = 0; lastKnownFileType = "wrapper.pb-project"; name = RealmReact.xcodeproj; path = "../node_modules/realm/react-native/ios/RealmReact.xcodeproj"; sourceTree = "<group>"; };
		584824B7F1C549CE96389988 /* MaterialIcons.ttf */ = {isa = PBXFileReference; explicitFileType = undefined; fileEncoding = 9; includeInIndex = 0; lastKnownFileType = unknown; name = MaterialIcons.ttf; path = "../node_modules/react-native-vector-icons/Fonts/MaterialIcons.ttf"; sourceTree = "<group>"; };
		5D20F8B5C98844CA8FDEE8C9 /* Montserrat-Regular.ttf */ = {isa = PBXFileReference; explicitFileType = undefined; fileEncoding = 9; includeInIndex = 0; lastKnownFileType = unknown; name = "Montserrat-Regular.ttf"; path = "../assets/fonts/Montserrat-Regular.ttf"; sourceTree = "<group>"; };
		65BCA4EE270E457584AA1A37 /* libz.tbd */ = {isa = PBXFileReference; explicitFileType = undefined; fileEncoding = 9; includeInIndex = 0; lastKnownFileType = "sourcecode.text-based-dylib-definition"; name = libz.tbd; path = usr/lib/libz.tbd; sourceTree = SDKROOT; };
		7C2E3CDA676C373FDDD74D45 /* Pods-meins.debug.xcconfig */ = {isa = PBXFileReference; includeInIndex = 1; lastKnownFileType = text.xcconfig; name = "Pods-meins.debug.xcconfig"; path = "Target Support Files/Pods-meins/Pods-meins.debug.xcconfig"; sourceTree = "<group>"; };
		84A8928F03C644D68D78DB4A /* FontAwesome5_Brands.ttf */ = {isa = PBXFileReference; explicitFileType = undefined; fileEncoding = 9; includeInIndex = 0; lastKnownFileType = unknown; name = FontAwesome5_Brands.ttf; path = "../node_modules/react-native-vector-icons/Fonts/FontAwesome5_Brands.ttf"; sourceTree = "<group>"; };
		85855DA9B25A436D8C82AA2C /* Fontisto.ttf */ = {isa = PBXFileReference; explicitFileType = undefined; fileEncoding = 9; includeInIndex = 0; lastKnownFileType = unknown; name = Fontisto.ttf; path = "../node_modules/react-native-vector-icons/Fonts/Fontisto.ttf"; sourceTree = "<group>"; };
		8B1D050266544BC5B11A5522 /* libRNMailCore.a */ = {isa = PBXFileReference; explicitFileType = undefined; fileEncoding = 9; includeInIndex = 0; lastKnownFileType = archive.ar; path = libRNMailCore.a; sourceTree = "<group>"; };
		8DE1B7D015669107D9D43B65 /* Pods-meinsNightly.release.xcconfig */ = {isa = PBXFileReference; includeInIndex = 1; lastKnownFileType = text.xcconfig; name = "Pods-meinsNightly.release.xcconfig"; path = "Target Support Files/Pods-meinsNightly/Pods-meinsNightly.release.xcconfig"; sourceTree = "<group>"; };
		91C161D6ADFF42839D053529 /* AntDesign.ttf */ = {isa = PBXFileReference; explicitFileType = undefined; fileEncoding = 9; includeInIndex = 0; lastKnownFileType = unknown; name = AntDesign.ttf; path = "../node_modules/react-native-vector-icons/Fonts/AntDesign.ttf"; sourceTree = "<group>"; };
		932CA4A4A7284E448CACC81E /* Zocial.ttf */ = {isa = PBXFileReference; explicitFileType = undefined; fileEncoding = 9; includeInIndex = 0; lastKnownFileType = unknown; name = Zocial.ttf; path = "../node_modules/react-native-vector-icons/Fonts/Zocial.ttf"; sourceTree = "<group>"; };
		9C3CA8AB33694518A1A38369 /* FontAwesome5_Solid.ttf */ = {isa = PBXFileReference; explicitFileType = undefined; fileEncoding = 9; includeInIndex = 0; lastKnownFileType = unknown; name = FontAwesome5_Solid.ttf; path = "../node_modules/react-native-vector-icons/Fonts/FontAwesome5_Solid.ttf"; sourceTree = "<group>"; };
		9D2E0ED0D23A801396AB59DA /* Pods-meinsNightly.debug.xcconfig */ = {isa = PBXFileReference; includeInIndex = 1; lastKnownFileType = text.xcconfig; name = "Pods-meinsNightly.debug.xcconfig"; path = "Target Support Files/Pods-meinsNightly/Pods-meinsNightly.debug.xcconfig"; sourceTree = "<group>"; };
		A19503B19096498B94E081E8 /* libRealmReact.a */ = {isa = PBXFileReference; explicitFileType = undefined; fileEncoding = 9; includeInIndex = 0; lastKnownFileType = archive.ar; path = libRealmReact.a; sourceTree = "<group>"; };
		AD67465422D910B9002B1FB7 /* libMailCore-ios.a */ = {isa = PBXFileReference; lastKnownFileType = archive.ar; name = "libMailCore-ios.a"; path = "Pods/mailcore2-ios/lib/libMailCore-ios.a"; sourceTree = "<group>"; };
		AD67469822D91365002B1FB7 /* mailcore2.xcodeproj */ = {isa = PBXFileReference; lastKnownFileType = "wrapper.pb-project"; name = mailcore2.xcodeproj; path = "../../../mailcore2/build-mac/mailcore2.xcodeproj"; sourceTree = "<group>"; };
		AD6746E622DC8D2E002B1FB7 /* meins.entitlements */ = {isa = PBXFileReference; lastKnownFileType = text.plist.entitlements; name = meins.entitlements; path = meins/meins.entitlements; sourceTree = "<group>"; };
		AD6746E722DC8D2E002B1FB7 /* HealthKit.framework */ = {isa = PBXFileReference; lastKnownFileType = wrapper.framework; name = HealthKit.framework; path = System/Library/Frameworks/HealthKit.framework; sourceTree = SDKROOT; };
		AD6AA037233F65AA0092174A /* RCTAppleHealthKit.xcodeproj */ = {isa = PBXFileReference; lastKnownFileType = "wrapper.pb-project"; name = RCTAppleHealthKit.xcodeproj; path = "../node_modules/@matthiasn/rn-apple-healthkit/RCTAppleHealthKit.xcodeproj"; sourceTree = "<group>"; };
		AD6AA06F233F79F50092174A /* RNMailCore.xcodeproj */ = {isa = PBXFileReference; lastKnownFileType = "wrapper.pb-project"; name = RNMailCore.xcodeproj; path = "../node_modules/@matthiasn/react-native-mailcore/ios/RNMailCore.xcodeproj"; sourceTree = "<group>"; };
		AD7A621922D90DAE00056A04 /* CFNetwork.framework */ = {isa = PBXFileReference; lastKnownFileType = wrapper.framework; name = CFNetwork.framework; path = System/Library/Frameworks/CFNetwork.framework; sourceTree = SDKROOT; };
		AD7A621B22D90DB900056A04 /* Security.framework */ = {isa = PBXFileReference; lastKnownFileType = wrapper.framework; name = Security.framework; path = System/Library/Frameworks/Security.framework; sourceTree = SDKROOT; };
		AD8BDC4A23DDB4670091D0ED /* libc++abi.tbd */ = {isa = PBXFileReference; lastKnownFileType = "sourcecode.text-based-dylib-definition"; name = "libc++abi.tbd"; path = "usr/lib/libc++abi.tbd"; sourceTree = SDKROOT; };
		AD8BDC4C23DDB4FE0091D0ED /* libreact-native-mapbox-gl.a */ = {isa = PBXFileReference; explicitFileType = archive.ar; path = "libreact-native-mapbox-gl.a"; sourceTree = BUILT_PRODUCTS_DIR; };
		AD8BDC5823DDB6AF0091D0ED /* libMapboxMobileEvents.a */ = {isa = PBXFileReference; explicitFileType = archive.ar; path = libMapboxMobileEvents.a; sourceTree = BUILT_PRODUCTS_DIR; };
		ADDDCEFD2359139C00C5EFE0 /* meinsNightly.app */ = {isa = PBXFileReference; explicitFileType = wrapper.application; includeInIndex = 0; path = meinsNightly.app; sourceTree = BUILT_PRODUCTS_DIR; };
		ADFDCE40235802C700EDD14A /* Info.plist */ = {isa = PBXFileReference; lastKnownFileType = text.plist.xml; name = Info.plist; path = /Users/mn/github/meins/MeinsApp/ios/meins/Info.plist; sourceTree = "<absolute>"; };
		CE3C398D218A448298BF10BA /* Octicons.ttf */ = {isa = PBXFileReference; explicitFileType = undefined; fileEncoding = 9; includeInIndex = 0; lastKnownFileType = unknown; name = Octicons.ttf; path = "../node_modules/react-native-vector-icons/Fonts/Octicons.ttf"; sourceTree = "<group>"; };
		D16408854AA047FDAFCFCCD0 /* FontAwesome5_Regular.ttf */ = {isa = PBXFileReference; explicitFileType = undefined; fileEncoding = 9; includeInIndex = 0; lastKnownFileType = unknown; name = FontAwesome5_Regular.ttf; path = "../node_modules/react-native-vector-icons/Fonts/FontAwesome5_Regular.ttf"; sourceTree = "<group>"; };
		D6E136EC6B5F480C9329FF74 /* libc++.tbd */ = {isa = PBXFileReference; explicitFileType = undefined; fileEncoding = 9; includeInIndex = 0; lastKnownFileType = "sourcecode.text-based-dylib-definition"; name = "libc++.tbd"; path = "usr/lib/libc++.tbd"; sourceTree = SDKROOT; };
		D76C83EDA12503206F62E3C1 /* libPods-meins.a */ = {isa = PBXFileReference; explicitFileType = archive.ar; includeInIndex = 0; path = "libPods-meins.a"; sourceTree = BUILT_PRODUCTS_DIR; };
		E74B42C04057435496B793F1 /* MaterialCommunityIcons.ttf */ = {isa = PBXFileReference; explicitFileType = undefined; fileEncoding = 9; includeInIndex = 0; lastKnownFileType = unknown; name = MaterialCommunityIcons.ttf; path = "../node_modules/react-native-vector-icons/Fonts/MaterialCommunityIcons.ttf"; sourceTree = "<group>"; };
		EC4BBEE8E36C4055BADFE7DB /* Foundation.ttf */ = {isa = PBXFileReference; explicitFileType = undefined; fileEncoding = 9; includeInIndex = 0; lastKnownFileType = unknown; name = Foundation.ttf; path = "../node_modules/react-native-vector-icons/Fonts/Foundation.ttf"; sourceTree = "<group>"; };
		ED297162215061F000B7C4FE /* JavaScriptCore.framework */ = {isa = PBXFileReference; lastKnownFileType = wrapper.framework; name = JavaScriptCore.framework; path = System/Library/Frameworks/JavaScriptCore.framework; sourceTree = SDKROOT; };
		F026EFFA19D34AF5A3EB0679 /* FontAwesome.ttf */ = {isa = PBXFileReference; explicitFileType = undefined; fileEncoding = 9; includeInIndex = 0; lastKnownFileType = unknown; name = FontAwesome.ttf; path = "../node_modules/react-native-vector-icons/Fonts/FontAwesome.ttf"; sourceTree = "<group>"; };
		F637DF3630264546895472F0 /* Feather.ttf */ = {isa = PBXFileReference; explicitFileType = undefined; fileEncoding = 9; includeInIndex = 0; lastKnownFileType = unknown; name = Feather.ttf; path = "../node_modules/react-native-vector-icons/Fonts/Feather.ttf"; sourceTree = "<group>"; };
		F901BE0C49ACBFA7839BCE0C /* libPods-meinsNightly.a */ = {isa = PBXFileReference; explicitFileType = archive.ar; includeInIndex = 0; path = "libPods-meinsNightly.a"; sourceTree = BUILT_PRODUCTS_DIR; };
		FCCED74F18A3EBD942E68FBF /* Pods-meins.release.xcconfig */ = {isa = PBXFileReference; includeInIndex = 1; lastKnownFileType = text.xcconfig; name = "Pods-meins.release.xcconfig"; path = "Target Support Files/Pods-meins/Pods-meins.release.xcconfig"; sourceTree = "<group>"; };
/* End PBXFileReference section */

/* Begin PBXFrameworksBuildPhase section */
		13B07F8C1A680F5B00A75B9A /* Frameworks */ = {
			isa = PBXFrameworksBuildPhase;
			buildActionMask = 2147483647;
			files = (
				AD6AA07F233F7BB40092174A /* libRNMailCore.a in Frameworks */,
				AD6AA066233F6CDF0092174A /* libRCTAppleHealthKit.a in Frameworks */,
				AD67467E22D910B9002B1FB7 /* libMailCore-ios.a in Frameworks */,
				ED297163215061F000B7C4FE /* JavaScriptCore.framework in Frameworks */,
				4C0B5FC7958946B1AB0CE717 /* libRealmReact.a in Frameworks */,
				AD6746E822DC8D2E002B1FB7 /* HealthKit.framework in Frameworks */,
				FA4C049D32F2465B9D215E9C /* libc++.tbd in Frameworks */,
				E1307DD10C72450EA941AC97 /* libz.tbd in Frameworks */,
				2529C83973BB1276BBDE86D8 /* libPods-meins.a in Frameworks */,
			);
			runOnlyForDeploymentPostprocessing = 0;
		};
		ADDDCEE62359139C00C5EFE0 /* Frameworks */ = {
			isa = PBXFrameworksBuildPhase;
			buildActionMask = 2147483647;
			files = (
				AD8BDC4923DDB4670091D0ED /* libc++.tbd in Frameworks */,
				ADDDCEE72359139C00C5EFE0 /* libRNMailCore.a in Frameworks */,
				ADDDCEE82359139C00C5EFE0 /* libRCTAppleHealthKit.a in Frameworks */,
				ADDDCEE92359139C00C5EFE0 /* libMailCore-ios.a in Frameworks */,
				ADDDCEEA2359139C00C5EFE0 /* JavaScriptCore.framework in Frameworks */,
				ADDDCEEB2359139C00C5EFE0 /* libRealmReact.a in Frameworks */,
				ADDDCEEC2359139C00C5EFE0 /* HealthKit.framework in Frameworks */,
				ADDDCEEE2359139C00C5EFE0 /* libz.tbd in Frameworks */,
				9888785D4D53DE01E78716A6 /* libPods-meinsNightly.a in Frameworks */,
			);
			runOnlyForDeploymentPostprocessing = 0;
		};
/* End PBXFrameworksBuildPhase section */

/* Begin PBXGroup section */
		13B07FAE1A68108700A75B9A /* meins */ = {
			isa = PBXGroup;
			children = (
				AD6746E622DC8D2E002B1FB7 /* meins.entitlements */,
				008F07F21AC5B25A0029DE68 /* main.jsbundle */,
				13B07FAF1A68108700A75B9A /* AppDelegate.h */,
				13B07FB01A68108700A75B9A /* AppDelegate.m */,
				13B07FB51A68108700A75B9A /* Images.xcassets */,
				13B07FB61A68108700A75B9A /* Info.plist */,
				13B07FB11A68108700A75B9A /* LaunchScreen.xib */,
				13B07FB71A68108700A75B9A /* main.m */,
			);
			name = meins;
			sourceTree = "<group>";
		};
		2D16E6871FA4F8E400B85C8A /* Frameworks */ = {
			isa = PBXGroup;
			children = (
				AD8BDC5823DDB6AF0091D0ED /* libMapboxMobileEvents.a */,
				AD8BDC4C23DDB4FE0091D0ED /* libreact-native-mapbox-gl.a */,
				AD8BDC4A23DDB4670091D0ED /* libc++abi.tbd */,
				AD6746E722DC8D2E002B1FB7 /* HealthKit.framework */,
				AD67465422D910B9002B1FB7 /* libMailCore-ios.a */,
				AD7A621B22D90DB900056A04 /* Security.framework */,
				AD7A621922D90DAE00056A04 /* CFNetwork.framework */,
				ED297162215061F000B7C4FE /* JavaScriptCore.framework */,
				2D16E6891FA4F8E400B85C8A /* libReact.a */,
				D6E136EC6B5F480C9329FF74 /* libc++.tbd */,
				65BCA4EE270E457584AA1A37 /* libz.tbd */,
				D76C83EDA12503206F62E3C1 /* libPods-meins.a */,
				F901BE0C49ACBFA7839BCE0C /* libPods-meinsNightly.a */,
			);
			name = Frameworks;
			sourceTree = "<group>";
		};
		335E4AD111CAD2C3DE3D4C9D /* Pods */ = {
			isa = PBXGroup;
			children = (
				7C2E3CDA676C373FDDD74D45 /* Pods-meins.debug.xcconfig */,
				FCCED74F18A3EBD942E68FBF /* Pods-meins.release.xcconfig */,
				9D2E0ED0D23A801396AB59DA /* Pods-meinsNightly.debug.xcconfig */,
				8DE1B7D015669107D9D43B65 /* Pods-meinsNightly.release.xcconfig */,
			);
			path = Pods;
			sourceTree = "<group>";
		};
		832341AE1AAA6A7D00B99B32 /* Libraries */ = {
			isa = PBXGroup;
			children = (
				AD6AA06F233F79F50092174A /* RNMailCore.xcodeproj */,
				AD6AA037233F65AA0092174A /* RCTAppleHealthKit.xcodeproj */,
				5583DDA1751840A2BFE9BB95 /* RealmReact.xcodeproj */,
			);
			name = Libraries;
			sourceTree = "<group>";
		};
		83CBB9F61A601CBA00E9B192 = {
			isa = PBXGroup;
			children = (
				AD67469822D91365002B1FB7 /* mailcore2.xcodeproj */,
				13B07FAE1A68108700A75B9A /* meins */,
				832341AE1AAA6A7D00B99B32 /* Libraries */,
				83CBBA001A601CBA00E9B192 /* Products */,
				2D16E6871FA4F8E400B85C8A /* Frameworks */,
				335E4AD111CAD2C3DE3D4C9D /* Pods */,
				E6900C834B53460A8ADF83D7 /* Resources */,
				AD7A61A422D908F100056A04 /* Recovered References */,
				ADFDCE40235802C700EDD14A /* Info.plist */,
			);
			indentWidth = 2;
			sourceTree = "<group>";
			tabWidth = 2;
			usesTabs = 0;
		};
		83CBBA001A601CBA00E9B192 /* Products */ = {
			isa = PBXGroup;
			children = (
				13B07F961A680F5B00A75B9A /* meins.app */,
				ADDDCEFD2359139C00C5EFE0 /* meinsNightly.app */,
			);
			name = Products;
			sourceTree = "<group>";
		};
		AD67469922D91365002B1FB7 /* Products */ = {
			isa = PBXGroup;
			children = (
				AD6746A422D91365002B1FB7 /* libMailCore.a */,
				AD6746A622D91365002B1FB7 /* libMailCore-ios.a */,
				AD6746A822D91365002B1FB7 /* tests */,
				AD6746AA22D91365002B1FB7 /* test-ios.app */,
				AD6746AC22D91365002B1FB7 /* MailCore.framework */,
				AD6746AE22D91365002B1FB7 /* MailCore.framework */,
				AD6746B022D91365002B1FB7 /* unittest.xctest */,
				AD6746B222D91365002B1FB7 /* unittestcpp */,
			);
			name = Products;
			sourceTree = "<group>";
		};
		AD6AA038233F65AA0092174A /* Products */ = {
			isa = PBXGroup;
			children = (
				AD6AA043233F65AA0092174A /* libRCTAppleHealthKit.a */,
			);
			name = Products;
			sourceTree = "<group>";
		};
		AD6AA070233F79F50092174A /* Products */ = {
			isa = PBXGroup;
			children = (
				AD6AA07E233F79F50092174A /* libRNMailCore.a */,
			);
			name = Products;
			sourceTree = "<group>";
		};
		AD7A61A422D908F100056A04 /* Recovered References */ = {
			isa = PBXGroup;
			children = (
				8B1D050266544BC5B11A5522 /* libRNMailCore.a */,
				19958F53C016481F9109B97D /* libRCTAppleHealthKit.a */,
				A19503B19096498B94E081E8 /* libRealmReact.a */,
			);
			name = "Recovered References";
			sourceTree = "<group>";
		};
		AD7A61AC22D908F200056A04 /* Products */ = {
			isa = PBXGroup;
			children = (
				AD7A61D822D908F200056A04 /* libRealmReact.a */,
			);
			name = Products;
			sourceTree = "<group>";
		};
		E6900C834B53460A8ADF83D7 /* Resources */ = {
			isa = PBXGroup;
			children = (
				3206D8AAF46B4454A2F0A26C /* Montserrat-Medium.ttf */,
				5D20F8B5C98844CA8FDEE8C9 /* Montserrat-Regular.ttf */,
				91C161D6ADFF42839D053529 /* AntDesign.ttf */,
				3B62FFCA1B054193A3E48A4A /* Entypo.ttf */,
				3C56FD2ACA9F4A3E8A964BEA /* EvilIcons.ttf */,
				F637DF3630264546895472F0 /* Feather.ttf */,
				F026EFFA19D34AF5A3EB0679 /* FontAwesome.ttf */,
				84A8928F03C644D68D78DB4A /* FontAwesome5_Brands.ttf */,
				D16408854AA047FDAFCFCCD0 /* FontAwesome5_Regular.ttf */,
				9C3CA8AB33694518A1A38369 /* FontAwesome5_Solid.ttf */,
				85855DA9B25A436D8C82AA2C /* Fontisto.ttf */,
				EC4BBEE8E36C4055BADFE7DB /* Foundation.ttf */,
				489A5AB8792A4026B3783347 /* Ionicons.ttf */,
				E74B42C04057435496B793F1 /* MaterialCommunityIcons.ttf */,
				584824B7F1C549CE96389988 /* MaterialIcons.ttf */,
				CE3C398D218A448298BF10BA /* Octicons.ttf */,
				262FB1565EBC482CB902D864 /* SimpleLineIcons.ttf */,
				932CA4A4A7284E448CACC81E /* Zocial.ttf */,
				48AE0CA838C74A0F9AC833DA /* Montserrat-SemiBold.ttf */,
			);
			name = Resources;
			sourceTree = "<group>";
		};
/* End PBXGroup section */

/* Begin PBXNativeTarget section */
		13B07F861A680F5B00A75B9A /* meins */ = {
			isa = PBXNativeTarget;
			buildConfigurationList = 13B07F931A680F5B00A75B9A /* Build configuration list for PBXNativeTarget "meins" */;
			buildPhases = (
				D9D1F7C97DE8E2B040CF88A1 /* [CP] Check Pods Manifest.lock */,
				13B07F871A680F5B00A75B9A /* Sources */,
				13B07F8C1A680F5B00A75B9A /* Frameworks */,
				13B07F8E1A680F5B00A75B9A /* Resources */,
				00DD1BFF1BD5951E006B06BC /* Bundle React Native code and images */,
				78746F7B5B90194E3A07191A /* [CP] Embed Pods Frameworks */,
				A46FCC2BE75EF340FD839717 /* [CP] Copy Pods Resources */,
			);
			buildRules = (
				AD990A05235966A600390386 /* PBXBuildRule */,
			);
			dependencies = (
			);
			name = meins;
			productName = "Hello World";
			productReference = 13B07F961A680F5B00A75B9A /* meins.app */;
			productType = "com.apple.product-type.application";
		};
		ADDDCEE12359139C00C5EFE0 /* meinsNightly */ = {
			isa = PBXNativeTarget;
			buildConfigurationList = ADDDCEFA2359139C00C5EFE0 /* Build configuration list for PBXNativeTarget "meinsNightly" */;
			buildPhases = (
				E9E517315711F6A5911BF403 /* [CP] Check Pods Manifest.lock */,
				ADDDCEE32359139C00C5EFE0 /* Sources */,
				ADDDCEE62359139C00C5EFE0 /* Frameworks */,
				ADDDCEF02359139C00C5EFE0 /* Resources */,
				ADDDCEF72359139C00C5EFE0 /* Bundle React Native code and images */,
				78746F7B5B90194E3A07191A /* [CP] Embed Pods Frameworks */,
				C9D700B9853B4491A3CD17CB /* [CP] Copy Pods Resources */,
			);
			buildRules = (
			);
			dependencies = (
			);
			name = meinsNightly;
			productName = "Hello World";
			productReference = ADDDCEFD2359139C00C5EFE0 /* meinsNightly.app */;
			productType = "com.apple.product-type.application";
		};
/* End PBXNativeTarget section */

/* Begin PBXProject section */
		83CBB9F71A601CBA00E9B192 /* Project object */ = {
			isa = PBXProject;
			attributes = {
				LastUpgradeCheck = 1130;
				ORGANIZATIONNAME = Facebook;
				TargetAttributes = {
					13B07F861A680F5B00A75B9A = {
						DevelopmentTeam = 7DN35ABWYL;
						ProvisioningStyle = Manual;
						SystemCapabilities = {
							com.apple.BackgroundModes = {
								enabled = 1;
							};
							com.apple.HealthKit = {
								enabled = 1;
							};
						};
					};
					ADDDCEE12359139C00C5EFE0 = {
						DevelopmentTeam = 7DN35ABWYL;
						ProvisioningStyle = Manual;
					};
				};
			};
			buildConfigurationList = 83CBB9FA1A601CBA00E9B192 /* Build configuration list for PBXProject "meins" */;
			compatibilityVersion = "Xcode 3.2";
			developmentRegion = English;
			hasScannedForEncodings = 0;
			knownRegions = (
				English,
				en,
				Base,
			);
			mainGroup = 83CBB9F61A601CBA00E9B192;
			productRefGroup = 83CBBA001A601CBA00E9B192 /* Products */;
			projectDirPath = "";
			projectReferences = (
				{
					ProductGroup = AD67469922D91365002B1FB7 /* Products */;
					ProjectRef = AD67469822D91365002B1FB7 /* mailcore2.xcodeproj */;
				},
				{
					ProductGroup = AD6AA038233F65AA0092174A /* Products */;
					ProjectRef = AD6AA037233F65AA0092174A /* RCTAppleHealthKit.xcodeproj */;
				},
				{
					ProductGroup = AD7A61AC22D908F200056A04 /* Products */;
					ProjectRef = 5583DDA1751840A2BFE9BB95 /* RealmReact.xcodeproj */;
				},
				{
					ProductGroup = AD6AA070233F79F50092174A /* Products */;
					ProjectRef = AD6AA06F233F79F50092174A /* RNMailCore.xcodeproj */;
				},
			);
			projectRoot = "";
			targets = (
				13B07F861A680F5B00A75B9A /* meins */,
				ADDDCEE12359139C00C5EFE0 /* meinsNightly */,
			);
		};
/* End PBXProject section */

/* Begin PBXReferenceProxy section */
		AD6746A422D91365002B1FB7 /* libMailCore.a */ = {
			isa = PBXReferenceProxy;
			fileType = archive.ar;
			path = libMailCore.a;
			remoteRef = AD6746A322D91365002B1FB7 /* PBXContainerItemProxy */;
			sourceTree = BUILT_PRODUCTS_DIR;
		};
		AD6746A622D91365002B1FB7 /* libMailCore-ios.a */ = {
			isa = PBXReferenceProxy;
			fileType = archive.ar;
			path = "libMailCore-ios.a";
			remoteRef = AD6746A522D91365002B1FB7 /* PBXContainerItemProxy */;
			sourceTree = BUILT_PRODUCTS_DIR;
		};
		AD6746A822D91365002B1FB7 /* tests */ = {
			isa = PBXReferenceProxy;
			fileType = "compiled.mach-o.executable";
			path = tests;
			remoteRef = AD6746A722D91365002B1FB7 /* PBXContainerItemProxy */;
			sourceTree = BUILT_PRODUCTS_DIR;
		};
		AD6746AA22D91365002B1FB7 /* test-ios.app */ = {
			isa = PBXReferenceProxy;
			fileType = wrapper.application;
			path = "test-ios.app";
			remoteRef = AD6746A922D91365002B1FB7 /* PBXContainerItemProxy */;
			sourceTree = BUILT_PRODUCTS_DIR;
		};
		AD6746AC22D91365002B1FB7 /* MailCore.framework */ = {
			isa = PBXReferenceProxy;
			fileType = wrapper.framework;
			path = MailCore.framework;
			remoteRef = AD6746AB22D91365002B1FB7 /* PBXContainerItemProxy */;
			sourceTree = BUILT_PRODUCTS_DIR;
		};
		AD6746AE22D91365002B1FB7 /* MailCore.framework */ = {
			isa = PBXReferenceProxy;
			fileType = wrapper.framework;
			path = MailCore.framework;
			remoteRef = AD6746AD22D91365002B1FB7 /* PBXContainerItemProxy */;
			sourceTree = BUILT_PRODUCTS_DIR;
		};
		AD6746B022D91365002B1FB7 /* unittest.xctest */ = {
			isa = PBXReferenceProxy;
			fileType = wrapper.cfbundle;
			path = unittest.xctest;
			remoteRef = AD6746AF22D91365002B1FB7 /* PBXContainerItemProxy */;
			sourceTree = BUILT_PRODUCTS_DIR;
		};
		AD6746B222D91365002B1FB7 /* unittestcpp */ = {
			isa = PBXReferenceProxy;
			fileType = "compiled.mach-o.executable";
			path = unittestcpp;
			remoteRef = AD6746B122D91365002B1FB7 /* PBXContainerItemProxy */;
			sourceTree = BUILT_PRODUCTS_DIR;
		};
		AD6AA043233F65AA0092174A /* libRCTAppleHealthKit.a */ = {
			isa = PBXReferenceProxy;
			fileType = archive.ar;
			path = libRCTAppleHealthKit.a;
			remoteRef = AD6AA042233F65AA0092174A /* PBXContainerItemProxy */;
			sourceTree = BUILT_PRODUCTS_DIR;
		};
		AD6AA07E233F79F50092174A /* libRNMailCore.a */ = {
			isa = PBXReferenceProxy;
			fileType = archive.ar;
			path = libRNMailCore.a;
			remoteRef = AD6AA07D233F79F50092174A /* PBXContainerItemProxy */;
			sourceTree = BUILT_PRODUCTS_DIR;
		};
		AD7A61D822D908F200056A04 /* libRealmReact.a */ = {
			isa = PBXReferenceProxy;
			fileType = archive.ar;
			path = libRealmReact.a;
			remoteRef = AD7A61D722D908F200056A04 /* PBXContainerItemProxy */;
			sourceTree = BUILT_PRODUCTS_DIR;
		};
/* End PBXReferenceProxy section */

/* Begin PBXResourcesBuildPhase section */
		13B07F8E1A680F5B00A75B9A /* Resources */ = {
			isa = PBXResourcesBuildPhase;
			buildActionMask = 2147483647;
			files = (
				AD6746E522DC895D002B1FB7 /* main.jsbundle in Resources */,
				13B07FBF1A68108700A75B9A /* Images.xcassets in Resources */,
				13B07FBD1A68108700A75B9A /* LaunchScreen.xib in Resources */,
				EC54267ABE1C473CA035B27F /* Montserrat-Medium.ttf in Resources */,
				0737D936E3D74595ADC4B6A1 /* Montserrat-Regular.ttf in Resources */,
				5E9303DF98654384967FD081 /* Montserrat-SemiBold.ttf in Resources */,
			);
			runOnlyForDeploymentPostprocessing = 0;
		};
		ADDDCEF02359139C00C5EFE0 /* Resources */ = {
			isa = PBXResourcesBuildPhase;
			buildActionMask = 2147483647;
			files = (
				ADDDCEF12359139C00C5EFE0 /* main.jsbundle in Resources */,
				ADDDCEF22359139C00C5EFE0 /* Images.xcassets in Resources */,
				ADDDCEF32359139C00C5EFE0 /* LaunchScreen.xib in Resources */,
				ADDDCEF42359139C00C5EFE0 /* Montserrat-Medium.ttf in Resources */,
				ADDDCEF52359139C00C5EFE0 /* Montserrat-Regular.ttf in Resources */,
				ADDDCEF62359139C00C5EFE0 /* Montserrat-SemiBold.ttf in Resources */,
			);
			runOnlyForDeploymentPostprocessing = 0;
		};
/* End PBXResourcesBuildPhase section */

/* Begin PBXShellScriptBuildPhase section */
		00DD1BFF1BD5951E006B06BC /* Bundle React Native code and images */ = {
			isa = PBXShellScriptBuildPhase;
			buildActionMask = 2147483647;
			files = (
			);
			inputPaths = (
			);
			name = "Bundle React Native code and images";
			outputPaths = (
			);
			runOnlyForDeploymentPostprocessing = 0;
			shellPath = /bin/sh;
			shellScript = "export NODE_BINARY=node\n../node_modules/react-native/scripts/react-native-xcode.sh\n";
		};
		78746F7B5B90194E3A07191A /* [CP] Embed Pods Frameworks */ = {
			isa = PBXShellScriptBuildPhase;
			buildActionMask = 2147483647;
			files = (
			);
			inputPaths = (
				"${PODS_ROOT}/Target Support Files/Pods-meinsNightly/Pods-meinsNightly-frameworks.sh",
				"${PODS_ROOT}/../../node_modules/@react-native-mapbox-gl/maps/ios/Mapbox.framework",
			);
			name = "[CP] Embed Pods Frameworks";
			outputPaths = (
				"${TARGET_BUILD_DIR}/${FRAMEWORKS_FOLDER_PATH}/Mapbox.framework",
			);
			runOnlyForDeploymentPostprocessing = 0;
			shellPath = /bin/sh;
			shellScript = "\"${PODS_ROOT}/Target Support Files/Pods-meinsNightly/Pods-meinsNightly-frameworks.sh\"\n";
			showEnvVarsInLog = 0;
		};
		A46FCC2BE75EF340FD839717 /* [CP] Copy Pods Resources */ = {
			isa = PBXShellScriptBuildPhase;
			buildActionMask = 2147483647;
			files = (
			);
			inputPaths = (
				"${PODS_ROOT}/Target Support Files/Pods-meins/Pods-meins-resources.sh",
				"${PODS_ROOT}/../../node_modules/react-native-vector-icons/Fonts/AntDesign.ttf",
				"${PODS_ROOT}/../../node_modules/react-native-vector-icons/Fonts/Entypo.ttf",
				"${PODS_ROOT}/../../node_modules/react-native-vector-icons/Fonts/EvilIcons.ttf",
				"${PODS_ROOT}/../../node_modules/react-native-vector-icons/Fonts/Feather.ttf",
				"${PODS_ROOT}/../../node_modules/react-native-vector-icons/Fonts/FontAwesome.ttf",
				"${PODS_ROOT}/../../node_modules/react-native-vector-icons/Fonts/FontAwesome5_Brands.ttf",
				"${PODS_ROOT}/../../node_modules/react-native-vector-icons/Fonts/FontAwesome5_Regular.ttf",
				"${PODS_ROOT}/../../node_modules/react-native-vector-icons/Fonts/FontAwesome5_Solid.ttf",
				"${PODS_ROOT}/../../node_modules/react-native-vector-icons/Fonts/Fontisto.ttf",
				"${PODS_ROOT}/../../node_modules/react-native-vector-icons/Fonts/Foundation.ttf",
				"${PODS_ROOT}/../../node_modules/react-native-vector-icons/Fonts/Ionicons.ttf",
				"${PODS_ROOT}/../../node_modules/react-native-vector-icons/Fonts/MaterialCommunityIcons.ttf",
				"${PODS_ROOT}/../../node_modules/react-native-vector-icons/Fonts/MaterialIcons.ttf",
				"${PODS_ROOT}/../../node_modules/react-native-vector-icons/Fonts/Octicons.ttf",
				"${PODS_ROOT}/../../node_modules/react-native-vector-icons/Fonts/SimpleLineIcons.ttf",
				"${PODS_ROOT}/../../node_modules/react-native-vector-icons/Fonts/Zocial.ttf",
			);
			name = "[CP] Copy Pods Resources";
			outputPaths = (
				"${TARGET_BUILD_DIR}/${UNLOCALIZED_RESOURCES_FOLDER_PATH}/AntDesign.ttf",
				"${TARGET_BUILD_DIR}/${UNLOCALIZED_RESOURCES_FOLDER_PATH}/Entypo.ttf",
				"${TARGET_BUILD_DIR}/${UNLOCALIZED_RESOURCES_FOLDER_PATH}/EvilIcons.ttf",
				"${TARGET_BUILD_DIR}/${UNLOCALIZED_RESOURCES_FOLDER_PATH}/Feather.ttf",
				"${TARGET_BUILD_DIR}/${UNLOCALIZED_RESOURCES_FOLDER_PATH}/FontAwesome.ttf",
				"${TARGET_BUILD_DIR}/${UNLOCALIZED_RESOURCES_FOLDER_PATH}/FontAwesome5_Brands.ttf",
				"${TARGET_BUILD_DIR}/${UNLOCALIZED_RESOURCES_FOLDER_PATH}/FontAwesome5_Regular.ttf",
				"${TARGET_BUILD_DIR}/${UNLOCALIZED_RESOURCES_FOLDER_PATH}/FontAwesome5_Solid.ttf",
				"${TARGET_BUILD_DIR}/${UNLOCALIZED_RESOURCES_FOLDER_PATH}/Fontisto.ttf",
				"${TARGET_BUILD_DIR}/${UNLOCALIZED_RESOURCES_FOLDER_PATH}/Foundation.ttf",
				"${TARGET_BUILD_DIR}/${UNLOCALIZED_RESOURCES_FOLDER_PATH}/Ionicons.ttf",
				"${TARGET_BUILD_DIR}/${UNLOCALIZED_RESOURCES_FOLDER_PATH}/MaterialCommunityIcons.ttf",
				"${TARGET_BUILD_DIR}/${UNLOCALIZED_RESOURCES_FOLDER_PATH}/MaterialIcons.ttf",
				"${TARGET_BUILD_DIR}/${UNLOCALIZED_RESOURCES_FOLDER_PATH}/Octicons.ttf",
				"${TARGET_BUILD_DIR}/${UNLOCALIZED_RESOURCES_FOLDER_PATH}/SimpleLineIcons.ttf",
				"${TARGET_BUILD_DIR}/${UNLOCALIZED_RESOURCES_FOLDER_PATH}/Zocial.ttf",
			);
			runOnlyForDeploymentPostprocessing = 0;
			shellPath = /bin/sh;
			shellScript = "\"${PODS_ROOT}/Target Support Files/Pods-meins/Pods-meins-resources.sh\"\n";
			showEnvVarsInLog = 0;
		};
		ADDDCEF72359139C00C5EFE0 /* Bundle React Native code and images */ = {
			isa = PBXShellScriptBuildPhase;
			buildActionMask = 2147483647;
			files = (
			);
			inputPaths = (
			);
			name = "Bundle React Native code and images";
			outputPaths = (
			);
			runOnlyForDeploymentPostprocessing = 0;
			shellPath = /bin/sh;
			shellScript = "export NODE_BINARY=node\n../node_modules/react-native/scripts/react-native-xcode.sh\n";
		};
		C9D700B9853B4491A3CD17CB /* [CP] Copy Pods Resources */ = {
			isa = PBXShellScriptBuildPhase;
			buildActionMask = 2147483647;
			files = (
			);
			inputPaths = (
				"${PODS_ROOT}/Target Support Files/Pods-meinsNightly/Pods-meinsNightly-resources.sh",
				"${PODS_ROOT}/../../node_modules/react-native-vector-icons/Fonts/AntDesign.ttf",
				"${PODS_ROOT}/../../node_modules/react-native-vector-icons/Fonts/Entypo.ttf",
				"${PODS_ROOT}/../../node_modules/react-native-vector-icons/Fonts/EvilIcons.ttf",
				"${PODS_ROOT}/../../node_modules/react-native-vector-icons/Fonts/Feather.ttf",
				"${PODS_ROOT}/../../node_modules/react-native-vector-icons/Fonts/FontAwesome.ttf",
				"${PODS_ROOT}/../../node_modules/react-native-vector-icons/Fonts/FontAwesome5_Brands.ttf",
				"${PODS_ROOT}/../../node_modules/react-native-vector-icons/Fonts/FontAwesome5_Regular.ttf",
				"${PODS_ROOT}/../../node_modules/react-native-vector-icons/Fonts/FontAwesome5_Solid.ttf",
				"${PODS_ROOT}/../../node_modules/react-native-vector-icons/Fonts/Fontisto.ttf",
				"${PODS_ROOT}/../../node_modules/react-native-vector-icons/Fonts/Foundation.ttf",
				"${PODS_ROOT}/../../node_modules/react-native-vector-icons/Fonts/Ionicons.ttf",
				"${PODS_ROOT}/../../node_modules/react-native-vector-icons/Fonts/MaterialCommunityIcons.ttf",
				"${PODS_ROOT}/../../node_modules/react-native-vector-icons/Fonts/MaterialIcons.ttf",
				"${PODS_ROOT}/../../node_modules/react-native-vector-icons/Fonts/Octicons.ttf",
				"${PODS_ROOT}/../../node_modules/react-native-vector-icons/Fonts/SimpleLineIcons.ttf",
				"${PODS_ROOT}/../../node_modules/react-native-vector-icons/Fonts/Zocial.ttf",
			);
			name = "[CP] Copy Pods Resources";
			outputPaths = (
				"${TARGET_BUILD_DIR}/${UNLOCALIZED_RESOURCES_FOLDER_PATH}/AntDesign.ttf",
				"${TARGET_BUILD_DIR}/${UNLOCALIZED_RESOURCES_FOLDER_PATH}/Entypo.ttf",
				"${TARGET_BUILD_DIR}/${UNLOCALIZED_RESOURCES_FOLDER_PATH}/EvilIcons.ttf",
				"${TARGET_BUILD_DIR}/${UNLOCALIZED_RESOURCES_FOLDER_PATH}/Feather.ttf",
				"${TARGET_BUILD_DIR}/${UNLOCALIZED_RESOURCES_FOLDER_PATH}/FontAwesome.ttf",
				"${TARGET_BUILD_DIR}/${UNLOCALIZED_RESOURCES_FOLDER_PATH}/FontAwesome5_Brands.ttf",
				"${TARGET_BUILD_DIR}/${UNLOCALIZED_RESOURCES_FOLDER_PATH}/FontAwesome5_Regular.ttf",
				"${TARGET_BUILD_DIR}/${UNLOCALIZED_RESOURCES_FOLDER_PATH}/FontAwesome5_Solid.ttf",
				"${TARGET_BUILD_DIR}/${UNLOCALIZED_RESOURCES_FOLDER_PATH}/Fontisto.ttf",
				"${TARGET_BUILD_DIR}/${UNLOCALIZED_RESOURCES_FOLDER_PATH}/Foundation.ttf",
				"${TARGET_BUILD_DIR}/${UNLOCALIZED_RESOURCES_FOLDER_PATH}/Ionicons.ttf",
				"${TARGET_BUILD_DIR}/${UNLOCALIZED_RESOURCES_FOLDER_PATH}/MaterialCommunityIcons.ttf",
				"${TARGET_BUILD_DIR}/${UNLOCALIZED_RESOURCES_FOLDER_PATH}/MaterialIcons.ttf",
				"${TARGET_BUILD_DIR}/${UNLOCALIZED_RESOURCES_FOLDER_PATH}/Octicons.ttf",
				"${TARGET_BUILD_DIR}/${UNLOCALIZED_RESOURCES_FOLDER_PATH}/SimpleLineIcons.ttf",
				"${TARGET_BUILD_DIR}/${UNLOCALIZED_RESOURCES_FOLDER_PATH}/Zocial.ttf",
			);
			runOnlyForDeploymentPostprocessing = 0;
			shellPath = /bin/sh;
			shellScript = "\"${PODS_ROOT}/Target Support Files/Pods-meinsNightly/Pods-meinsNightly-resources.sh\"\n";
			showEnvVarsInLog = 0;
		};
		D9D1F7C97DE8E2B040CF88A1 /* [CP] Check Pods Manifest.lock */ = {
			isa = PBXShellScriptBuildPhase;
			buildActionMask = 2147483647;
			files = (
			);
			inputFileListPaths = (
			);
			inputPaths = (
				"${PODS_PODFILE_DIR_PATH}/Podfile.lock",
				"${PODS_ROOT}/Manifest.lock",
			);
			name = "[CP] Check Pods Manifest.lock";
			outputFileListPaths = (
			);
			outputPaths = (
				"$(DERIVED_FILE_DIR)/Pods-meins-checkManifestLockResult.txt",
			);
			runOnlyForDeploymentPostprocessing = 0;
			shellPath = /bin/sh;
			shellScript = "diff \"${PODS_PODFILE_DIR_PATH}/Podfile.lock\" \"${PODS_ROOT}/Manifest.lock\" > /dev/null\nif [ $? != 0 ] ; then\n    # print error to STDERR\n    echo \"error: The sandbox is not in sync with the Podfile.lock. Run 'pod install' or update your CocoaPods installation.\" >&2\n    exit 1\nfi\n# This output is used by Xcode 'outputs' to avoid re-running this script phase.\necho \"SUCCESS\" > \"${SCRIPT_OUTPUT_FILE_0}\"\n";
			showEnvVarsInLog = 0;
		};
		E9E517315711F6A5911BF403 /* [CP] Check Pods Manifest.lock */ = {
			isa = PBXShellScriptBuildPhase;
			buildActionMask = 2147483647;
			files = (
			);
			inputFileListPaths = (
			);
			inputPaths = (
				"${PODS_PODFILE_DIR_PATH}/Podfile.lock",
				"${PODS_ROOT}/Manifest.lock",
			);
			name = "[CP] Check Pods Manifest.lock";
			outputFileListPaths = (
			);
			outputPaths = (
				"$(DERIVED_FILE_DIR)/Pods-meinsNightly-checkManifestLockResult.txt",
			);
			runOnlyForDeploymentPostprocessing = 0;
			shellPath = /bin/sh;
			shellScript = "diff \"${PODS_PODFILE_DIR_PATH}/Podfile.lock\" \"${PODS_ROOT}/Manifest.lock\" > /dev/null\nif [ $? != 0 ] ; then\n    # print error to STDERR\n    echo \"error: The sandbox is not in sync with the Podfile.lock. Run 'pod install' or update your CocoaPods installation.\" >&2\n    exit 1\nfi\n# This output is used by Xcode 'outputs' to avoid re-running this script phase.\necho \"SUCCESS\" > \"${SCRIPT_OUTPUT_FILE_0}\"\n";
			showEnvVarsInLog = 0;
		};
/* End PBXShellScriptBuildPhase section */

/* Begin PBXSourcesBuildPhase section */
		13B07F871A680F5B00A75B9A /* Sources */ = {
			isa = PBXSourcesBuildPhase;
			buildActionMask = 2147483647;
			files = (
				13B07FBC1A68108700A75B9A /* AppDelegate.m in Sources */,
				13B07FC11A68108700A75B9A /* main.m in Sources */,
			);
			runOnlyForDeploymentPostprocessing = 0;
		};
		ADDDCEE32359139C00C5EFE0 /* Sources */ = {
			isa = PBXSourcesBuildPhase;
			buildActionMask = 2147483647;
			files = (
				ADDDCEE42359139C00C5EFE0 /* AppDelegate.m in Sources */,
				ADDDCEE52359139C00C5EFE0 /* main.m in Sources */,
			);
			runOnlyForDeploymentPostprocessing = 0;
		};
/* End PBXSourcesBuildPhase section */

/* Begin PBXVariantGroup section */
		13B07FB11A68108700A75B9A /* LaunchScreen.xib */ = {
			isa = PBXVariantGroup;
			children = (
				13B07FB21A68108700A75B9A /* Base */,
			);
			name = LaunchScreen.xib;
			path = meins;
			sourceTree = "<group>";
		};
/* End PBXVariantGroup section */

/* Begin XCBuildConfiguration section */
		13B07F941A680F5B00A75B9A /* Debug */ = {
			isa = XCBuildConfiguration;
			baseConfigurationReference = 7C2E3CDA676C373FDDD74D45 /* Pods-meins.debug.xcconfig */;
			buildSettings = {
				ASSETCATALOG_COMPILER_APPICON_NAME = AppIcon;
				CODE_SIGN_ENTITLEMENTS = meins/meins.entitlements;
				CODE_SIGN_IDENTITY = "iPhone Distribution";
				CODE_SIGN_STYLE = Manual;
				CURRENT_PROJECT_VERSION = 193;
				DEAD_CODE_STRIPPING = NO;
				DEVELOPMENT_TEAM = 7DN35ABWYL;
				FRAMEWORK_SEARCH_PATHS = "$(inherited)";
				HEADER_SEARCH_PATHS = (
					"$(inherited)",
					"$(SRCROOT)/../node_modules/@matthiasn/react-native-mailcore/ios",
					"$(SRCROOT)/../node_modules/@matthiasn/rn-apple-healthkit/RCTAppleHealthKit",
					"$(SRCROOT)/../node_modules/realm/src/**",
					"$(SRCROOT)/Pods/mailcore2-ios/include/**",
				);
				INFOPLIST_FILE = meins/Info.plist;
				IPHONEOS_DEPLOYMENT_TARGET = 11.4;
				LD_RUNPATH_SEARCH_PATHS = "$(inherited) @executable_path/Frameworks";
				LIBRARY_SEARCH_PATHS = (
					"$(inherited)",
					"$(PROJECT_DIR)/Pods/mailcore2-ios/lib",
				);
				OTHER_LDFLAGS = (
					"$(inherited)",
					"-lc++",
					"-lctemplate-ios",
					"-letpan-ios",
					"-lsasl2",
					"-lxml2",
					"-liconv",
					"-ltidy",
					"-lz",
					"-lresolv",
					"-stdlib=libc++",
				);
				PRODUCT_BUNDLE_IDENTIFIER = com.matthiasn.meins;
				PRODUCT_NAME = meins;
				PROVISIONING_PROFILE_SPECIFIER = "match AppStore com.matthiasn.meins";
				VERSIONING_SYSTEM = "apple-generic";
			};
			name = Debug;
		};
		13B07F951A680F5B00A75B9A /* Release */ = {
			isa = XCBuildConfiguration;
			baseConfigurationReference = FCCED74F18A3EBD942E68FBF /* Pods-meins.release.xcconfig */;
			buildSettings = {
				ASSETCATALOG_COMPILER_APPICON_NAME = AppIcon;
				CODE_SIGN_ENTITLEMENTS = meins/meins.entitlements;
				CODE_SIGN_IDENTITY = "iPhone Distribution";
				CODE_SIGN_STYLE = Manual;
				CURRENT_PROJECT_VERSION = 193;
				DEVELOPMENT_TEAM = 7DN35ABWYL;
				FRAMEWORK_SEARCH_PATHS = "$(inherited)";
				HEADER_SEARCH_PATHS = (
					"$(inherited)",
					"$(SRCROOT)/../node_modules/@matthiasn/react-native-mailcore/ios",
					"$(SRCROOT)/../node_modules/@matthiasn/rn-apple-healthkit/RCTAppleHealthKit",
					"$(SRCROOT)/../node_modules/realm/src/**",
					"$(SRCROOT)/Pods/mailcore2-ios/include/**",
				);
				INFOPLIST_FILE = meins/Info.plist;
				IPHONEOS_DEPLOYMENT_TARGET = 11.4;
				LD_RUNPATH_SEARCH_PATHS = "$(inherited) @executable_path/Frameworks";
				LIBRARY_SEARCH_PATHS = (
					"$(inherited)",
					"$(PROJECT_DIR)/Pods/mailcore2-ios/lib",
				);
				OTHER_LDFLAGS = (
					"$(inherited)",
					"-lc++",
					"-lctemplate-ios",
					"-letpan-ios",
					"-lsasl2",
					"-lxml2",
					"-liconv",
					"-ltidy",
					"-lz",
					"-lresolv",
					"-stdlib=libc++",
				);
				PRODUCT_BUNDLE_IDENTIFIER = com.matthiasn.meins;
				PRODUCT_NAME = meins;
				PROVISIONING_PROFILE_SPECIFIER = "match AppStore com.matthiasn.meins";
				VERSIONING_SYSTEM = "apple-generic";
			};
			name = Release;
		};
		83CBBA201A601CBA00E9B192 /* Debug */ = {
			isa = XCBuildConfiguration;
			buildSettings = {
				ALWAYS_SEARCH_USER_PATHS = NO;
				CLANG_ANALYZER_LOCALIZABILITY_NONLOCALIZED = YES;
				CLANG_CXX_LANGUAGE_STANDARD = "gnu++0x";
				CLANG_CXX_LIBRARY = "libc++";
				CLANG_ENABLE_MODULES = YES;
				CLANG_ENABLE_OBJC_ARC = YES;
				CLANG_WARN_BLOCK_CAPTURE_AUTORELEASING = YES;
				CLANG_WARN_BOOL_CONVERSION = YES;
				CLANG_WARN_COMMA = YES;
				CLANG_WARN_CONSTANT_CONVERSION = YES;
				CLANG_WARN_DEPRECATED_OBJC_IMPLEMENTATIONS = YES;
				CLANG_WARN_DIRECT_OBJC_ISA_USAGE = YES_ERROR;
				CLANG_WARN_EMPTY_BODY = YES;
				CLANG_WARN_ENUM_CONVERSION = YES;
				CLANG_WARN_INFINITE_RECURSION = YES;
				CLANG_WARN_INT_CONVERSION = YES;
				CLANG_WARN_NON_LITERAL_NULL_CONVERSION = YES;
				CLANG_WARN_OBJC_IMPLICIT_RETAIN_SELF = YES;
				CLANG_WARN_OBJC_LITERAL_CONVERSION = YES;
				CLANG_WARN_OBJC_ROOT_CLASS = YES_ERROR;
				CLANG_WARN_RANGE_LOOP_ANALYSIS = YES;
				CLANG_WARN_STRICT_PROTOTYPES = YES;
				CLANG_WARN_SUSPICIOUS_MOVE = YES;
				CLANG_WARN_UNREACHABLE_CODE = YES;
				CLANG_WARN__DUPLICATE_METHOD_MATCH = YES;
				"CODE_SIGN_IDENTITY[sdk=iphoneos*]" = "iPhone Developer";
				COPY_PHASE_STRIP = NO;
				ENABLE_STRICT_OBJC_MSGSEND = YES;
				ENABLE_TESTABILITY = YES;
				GCC_C_LANGUAGE_STANDARD = gnu99;
				GCC_DYNAMIC_NO_PIC = NO;
				GCC_NO_COMMON_BLOCKS = YES;
				GCC_OPTIMIZATION_LEVEL = 0;
				GCC_PREPROCESSOR_DEFINITIONS = (
					"DEBUG=1",
					"$(inherited)",
				);
				GCC_SYMBOLS_PRIVATE_EXTERN = NO;
				GCC_WARN_64_TO_32_BIT_CONVERSION = YES;
				GCC_WARN_ABOUT_RETURN_TYPE = YES_ERROR;
				GCC_WARN_UNDECLARED_SELECTOR = YES;
				GCC_WARN_UNINITIALIZED_AUTOS = YES_AGGRESSIVE;
				GCC_WARN_UNUSED_FUNCTION = YES;
				GCC_WARN_UNUSED_VARIABLE = YES;
				IPHONEOS_DEPLOYMENT_TARGET = 9.0;
				MTL_ENABLE_DEBUG_INFO = YES;
				ONLY_ACTIVE_ARCH = YES;
				SDKROOT = iphoneos;
			};
			name = Debug;
		};
		83CBBA211A601CBA00E9B192 /* Release */ = {
			isa = XCBuildConfiguration;
			buildSettings = {
				ALWAYS_SEARCH_USER_PATHS = NO;
				CLANG_ANALYZER_LOCALIZABILITY_NONLOCALIZED = YES;
				CLANG_CXX_LANGUAGE_STANDARD = "gnu++0x";
				CLANG_CXX_LIBRARY = "libc++";
				CLANG_ENABLE_MODULES = YES;
				CLANG_ENABLE_OBJC_ARC = YES;
				CLANG_WARN_BLOCK_CAPTURE_AUTORELEASING = YES;
				CLANG_WARN_BOOL_CONVERSION = YES;
				CLANG_WARN_COMMA = YES;
				CLANG_WARN_CONSTANT_CONVERSION = YES;
				CLANG_WARN_DEPRECATED_OBJC_IMPLEMENTATIONS = YES;
				CLANG_WARN_DIRECT_OBJC_ISA_USAGE = YES_ERROR;
				CLANG_WARN_EMPTY_BODY = YES;
				CLANG_WARN_ENUM_CONVERSION = YES;
				CLANG_WARN_INFINITE_RECURSION = YES;
				CLANG_WARN_INT_CONVERSION = YES;
				CLANG_WARN_NON_LITERAL_NULL_CONVERSION = YES;
				CLANG_WARN_OBJC_IMPLICIT_RETAIN_SELF = YES;
				CLANG_WARN_OBJC_LITERAL_CONVERSION = YES;
				CLANG_WARN_OBJC_ROOT_CLASS = YES_ERROR;
				CLANG_WARN_RANGE_LOOP_ANALYSIS = YES;
				CLANG_WARN_STRICT_PROTOTYPES = YES;
				CLANG_WARN_SUSPICIOUS_MOVE = YES;
				CLANG_WARN_UNREACHABLE_CODE = YES;
				CLANG_WARN__DUPLICATE_METHOD_MATCH = YES;
				"CODE_SIGN_IDENTITY[sdk=iphoneos*]" = "iPhone Developer";
				COPY_PHASE_STRIP = YES;
				ENABLE_NS_ASSERTIONS = NO;
				ENABLE_STRICT_OBJC_MSGSEND = YES;
				GCC_C_LANGUAGE_STANDARD = gnu99;
				GCC_NO_COMMON_BLOCKS = YES;
				GCC_WARN_64_TO_32_BIT_CONVERSION = YES;
				GCC_WARN_ABOUT_RETURN_TYPE = YES_ERROR;
				GCC_WARN_UNDECLARED_SELECTOR = YES;
				GCC_WARN_UNINITIALIZED_AUTOS = YES_AGGRESSIVE;
				GCC_WARN_UNUSED_FUNCTION = YES;
				GCC_WARN_UNUSED_VARIABLE = YES;
				IPHONEOS_DEPLOYMENT_TARGET = 9.0;
				MTL_ENABLE_DEBUG_INFO = NO;
				SDKROOT = iphoneos;
				VALIDATE_PRODUCT = YES;
			};
			name = Release;
		};
		ADDDCEFB2359139C00C5EFE0 /* Debug */ = {
			isa = XCBuildConfiguration;
			baseConfigurationReference = 9D2E0ED0D23A801396AB59DA /* Pods-meinsNightly.debug.xcconfig */;
			buildSettings = {
				ASSETCATALOG_COMPILER_APPICON_NAME = AppIcon;
				CODE_SIGN_ENTITLEMENTS = meins/meins.entitlements;
				CODE_SIGN_IDENTITY = "iPhone Distribution";
				CODE_SIGN_STYLE = Manual;
				CURRENT_PROJECT_VERSION = 166;
				DEAD_CODE_STRIPPING = NO;
				DEVELOPMENT_TEAM = 7DN35ABWYL;
				FRAMEWORK_SEARCH_PATHS = "$(inherited)";
				GCC_PREPROCESSOR_DEFINITIONS = (
					"DEBUG=1",
					"$(inherited)",
					"COCOAPODS=1",
				);
				HEADER_SEARCH_PATHS = (
					"$(inherited)",
					"$(SRCROOT)/../node_modules/@matthiasn/react-native-mailcore/ios",
					"$(SRCROOT)/../node_modules/@matthiasn/rn-apple-healthkit/RCTAppleHealthKit",
					"$(SRCROOT)/../node_modules/realm/src/**",
					"$(SRCROOT)/Pods/mailcore2-ios/include/**",
				);
				INFOPLIST_FILE = meins/Info.plist;
				IPHONEOS_DEPLOYMENT_TARGET = 11.4;
				LD_RUNPATH_SEARCH_PATHS = "$(inherited) @executable_path/Frameworks";
				LIBRARY_SEARCH_PATHS = (
					"$(inherited)",
					"$(PROJECT_DIR)/Pods/mailcore2-ios/lib",
				);
				OTHER_LDFLAGS = (
					"$(inherited)",
					"-lc++",
					"-lctemplate-ios",
					"-letpan-ios",
					"-lsasl2",
					"-lxml2",
					"-liconv",
					"-ltidy",
					"-lz",
					"-lresolv",
					"-stdlib=libc++",
				);
				PRODUCT_BUNDLE_IDENTIFIER = com.matthiasn.meinsNightly;
				PRODUCT_NAME = "$(TARGET_NAME)";
				PROVISIONING_PROFILE_SPECIFIER = "match AppStore com.matthiasn.meinsNightly";
				VERSIONING_SYSTEM = "apple-generic";
			};
			name = Debug;
		};
		ADDDCEFC2359139C00C5EFE0 /* Release */ = {
			isa = XCBuildConfiguration;
			baseConfigurationReference = 8DE1B7D015669107D9D43B65 /* Pods-meinsNightly.release.xcconfig */;
			buildSettings = {
				ASSETCATALOG_COMPILER_APPICON_NAME = AppIcon;
				CODE_SIGN_ENTITLEMENTS = meins/meins.entitlements;
				CODE_SIGN_IDENTITY = "iPhone Distribution";
				CODE_SIGN_STYLE = Manual;
				CURRENT_PROJECT_VERSION = 166;
				DEVELOPMENT_TEAM = 7DN35ABWYL;
				FRAMEWORK_SEARCH_PATHS = "$(inherited)";
				GCC_PREPROCESSOR_DEFINITIONS = "COCOAPODS=1";
				HEADER_SEARCH_PATHS = (
					"$(inherited)",
					"$(SRCROOT)/../node_modules/@matthiasn/react-native-mailcore/ios",
					"$(SRCROOT)/../node_modules/@matthiasn/rn-apple-healthkit/RCTAppleHealthKit",
					"$(SRCROOT)/../node_modules/realm/src/**",
					"$(SRCROOT)/Pods/mailcore2-ios/include/**",
				);
				INFOPLIST_FILE = meins/Info.plist;
				IPHONEOS_DEPLOYMENT_TARGET = 11.4;
				LD_RUNPATH_SEARCH_PATHS = "$(inherited) @executable_path/Frameworks";
				LIBRARY_SEARCH_PATHS = (
					"$(inherited)",
					"$(PROJECT_DIR)/Pods/mailcore2-ios/lib",
				);
				OTHER_LDFLAGS = (
					"$(inherited)",
					"-lc++",
					"-lctemplate-ios",
					"-letpan-ios",
					"-lsasl2",
					"-lxml2",
					"-liconv",
					"-ltidy",
					"-lz",
					"-lresolv",
					"-stdlib=libc++",
				);
				PRODUCT_BUNDLE_IDENTIFIER = com.matthiasn.meinsNightly;
				PRODUCT_NAME = "$(TARGET_NAME)";
				PROVISIONING_PROFILE_SPECIFIER = "match AppStore com.matthiasn.meinsNightly";
				VERSIONING_SYSTEM = "apple-generic";
			};
			name = Release;
		};
/* End XCBuildConfiguration section */

/* Begin XCConfigurationList section */
		13B07F931A680F5B00A75B9A /* Build configuration list for PBXNativeTarget "meins" */ = {
			isa = XCConfigurationList;
			buildConfigurations = (
				13B07F941A680F5B00A75B9A /* Debug */,
				13B07F951A680F5B00A75B9A /* Release */,
			);
			defaultConfigurationIsVisible = 0;
			defaultConfigurationName = Release;
		};
		83CBB9FA1A601CBA00E9B192 /* Build configuration list for PBXProject "meins" */ = {
			isa = XCConfigurationList;
			buildConfigurations = (
				83CBBA201A601CBA00E9B192 /* Debug */,
				83CBBA211A601CBA00E9B192 /* Release */,
			);
			defaultConfigurationIsVisible = 0;
			defaultConfigurationName = Release;
		};
		ADDDCEFA2359139C00C5EFE0 /* Build configuration list for PBXNativeTarget "meinsNightly" */ = {
			isa = XCConfigurationList;
			buildConfigurations = (
				ADDDCEFB2359139C00C5EFE0 /* Debug */,
				ADDDCEFC2359139C00C5EFE0 /* Release */,
			);
			defaultConfigurationIsVisible = 0;
			defaultConfigurationName = Release;
		};
/* End XCConfigurationList section */
	};
	rootObject = 83CBB9F71A601CBA00E9B192 /* Project object */;
}
